
Microsoft Visual Studio Solution File, Format Version 12.00
# Visual Studio Version 17
VisualStudioVersion = 17.5.33414.496
MinimumVisualStudioVersion = 10.0.40219.1
Project("{FAE04EC0-301F-11D3-BF4B-00C04F79EFBC}") = "core-service", "core-service.csproj", "{7EACB147-A678-4D65-BE89-EE273080EA04}"
EndProject
Global
	GlobalSection(SolutionConfigurationPlatforms) = preSolution
		Debug|Any CPU = Debug|Any CPU
		Release|Any CPU = Release|Any CPU
	EndGlobalSection
	GlobalSection(ProjectConfigurationPlatforms) = postSolution
		{7EACB147-A678-4D65-BE89-EE273080EA04}.Debug|Any CPU.ActiveCfg = Debug|Any CPU
		{7EACB147-A678-4D65-BE89-EE273080EA04}.Debug|Any CPU.Build.0 = Debug|Any CPU
		{7EACB147-A678-4D65-BE89-EE273080EA04}.Release|Any CPU.ActiveCfg = Release|Any CPU
		{7EACB147-A678-4D65-BE89-EE273080EA04}.Release|Any CPU.Build.0 = Release|Any CPU
	EndGlobalSection
	GlobalSection(SolutionProperties) = preSolution
		HideSolutionNode = FALSE
	EndGlobalSection
	GlobalSection(ExtensibilityGlobals) = postSolution
		SolutionGuid = {F0FC7738-7EEC-42C0-8393-D70886746DE9}
	EndGlobalSection
EndGlobal
