
Microsoft Visual Studio Solution File, Format Version 12.00
# Visual Studio Version 16
VisualStudioVersion = 25.0.1705.0
MinimumVisualStudioVersion = 10.0.40219.1
Project("{FAE04EC0-301F-11D3-BF4B-00C04F79EFBC}") = "user-service", "user-service\user-service.csproj", "{540DB704-B97D-45E6-9D6C-E7419168F911}"
EndProject
Global
	GlobalSection(SolutionConfigurationPlatforms) = preSolution
		Debug|Any CPU = Debug|Any CPU
		Release|Any CPU = Release|Any CPU
	EndGlobalSection
	GlobalSection(ProjectConfigurationPlatforms) = postSolution
		{540DB704-B97D-45E6-9D6C-E7419168F911}.Debug|Any CPU.ActiveCfg = Debug|Any CPU
		{540DB704-B97D-45E6-9D6C-E7419168F911}.Debug|Any CPU.Build.0 = Debug|Any CPU
		{540DB704-B97D-45E6-9D6C-E7419168F911}.Release|Any CPU.ActiveCfg = Release|Any CPU
		{540DB704-B97D-45E6-9D6C-E7419168F911}.Release|Any CPU.Build.0 = Release|Any CPU
	EndGlobalSection
	GlobalSection(SolutionProperties) = preSolution
		HideSolutionNode = FALSE
	EndGlobalSection
	GlobalSection(ExtensibilityGlobals) = postSolution
		SolutionGuid = {D1D5FEC5-4F98-42D1-BC6F-C9A18506889B}
	EndGlobalSection
EndGlobal
